
Microsoft Visual Studio Solution File, Format Version 12.00
# Visual Studio 2012
Project("{f2a71f9b-5d33-465a-a702-920d77279786}") = "canandroid", "canandroid\canandroid.fsproj", "{7EDAACBF-C207-4243-9B53-C8800EFB88FD}"
EndProject
Global
	GlobalSection(SolutionConfigurationPlatforms) = preSolution
		Debug|Any CPU = Debug|Any CPU
		Release|Any CPU = Release|Any CPU
	EndGlobalSection
	GlobalSection(ProjectConfigurationPlatforms) = postSolution
		{7EDAACBF-C207-4243-9B53-C8800EFB88FD}.Debug|Any CPU.ActiveCfg = Debug|Any CPU
		{7EDAACBF-C207-4243-9B53-C8800EFB88FD}.Debug|Any CPU.Build.0 = Debug|Any CPU
		{7EDAACBF-C207-4243-9B53-C8800EFB88FD}.Release|Any CPU.ActiveCfg = Release|Any CPU
		{7EDAACBF-C207-4243-9B53-C8800EFB88FD}.Release|Any CPU.Build.0 = Release|Any CPU
	EndGlobalSection
EndGlobal
